
Microsoft Visual Studio Solution File, Format Version 12.00
# Visual Studio 2013
VisualStudioVersion = 12.0.40629.0
MinimumVisualStudioVersion = 10.0.40219.1
Project("{FAE04EC0-301F-11D3-BF4B-00C04F79EFBC}") = "DataSubscibe", "DataSubscibe\DataSubscibe.csproj", "{89D26B17-F320-4031-9861-24AD9D2DD3D4}"
EndProject
Project("{2150E333-8FDC-42A3-9474-1A3956D46DE8}") = ".nuget", ".nuget", "{3B6A9C5C-6D16-45BA-B867-59F66D32240F}"
	ProjectSection(SolutionItems) = preProject
		.nuget\NuGet.Config = .nuget\NuGet.Config
		.nuget\NuGet.exe = .nuget\NuGet.exe
		.nuget\NuGet.targets = .nuget\NuGet.targets
	EndProjectSection
EndProject
Project("{FAE04EC0-301F-11D3-BF4B-00C04F79EFBC}") = "SimpleSocketServer", "SimpleSocketServer\SimpleSocketServer.csproj", "{F383B669-51DC-489A-B939-A785084E462D}"
EndProject
Project("{FAE04EC0-301F-11D3-BF4B-00C04F79EFBC}") = "SimpleSocketClient", "SimpleSocketClient\SimpleSocketClient.csproj", "{23A0CFFF-3B43-4925-B6A4-F7AE3D17159D}"
EndProject
Project("{FAE04EC0-301F-11D3-BF4B-00C04F79EFBC}") = "Storage", "Storage\Storage.csproj", "{02D45033-0F7B-45A3-8D06-1422B683EB1D}"
EndProject
Project("{FAE04EC0-301F-11D3-BF4B-00C04F79EFBC}") = "Domain", "Domain\Domain.csproj", "{FD4DAE23-704B-456F-A377-02D20D9DC6D4}"
EndProject
Global
	GlobalSection(SolutionConfigurationPlatforms) = preSolution
		Debug|Any CPU = Debug|Any CPU
		Release|Any CPU = Release|Any CPU
	EndGlobalSection
	GlobalSection(ProjectConfigurationPlatforms) = postSolution
		{89D26B17-F320-4031-9861-24AD9D2DD3D4}.Debug|Any CPU.ActiveCfg = Debug|Any CPU
		{89D26B17-F320-4031-9861-24AD9D2DD3D4}.Debug|Any CPU.Build.0 = Debug|Any CPU
		{89D26B17-F320-4031-9861-24AD9D2DD3D4}.Release|Any CPU.ActiveCfg = Release|Any CPU
		{89D26B17-F320-4031-9861-24AD9D2DD3D4}.Release|Any CPU.Build.0 = Release|Any CPU
		{F383B669-51DC-489A-B939-A785084E462D}.Debug|Any CPU.ActiveCfg = Debug|Any CPU
		{F383B669-51DC-489A-B939-A785084E462D}.Debug|Any CPU.Build.0 = Debug|Any CPU
		{F383B669-51DC-489A-B939-A785084E462D}.Release|Any CPU.ActiveCfg = Release|Any CPU
		{F383B669-51DC-489A-B939-A785084E462D}.Release|Any CPU.Build.0 = Release|Any CPU
		{23A0CFFF-3B43-4925-B6A4-F7AE3D17159D}.Debug|Any CPU.ActiveCfg = Debug|Any CPU
		{23A0CFFF-3B43-4925-B6A4-F7AE3D17159D}.Debug|Any CPU.Build.0 = Debug|Any CPU
		{23A0CFFF-3B43-4925-B6A4-F7AE3D17159D}.Release|Any CPU.ActiveCfg = Release|Any CPU
		{23A0CFFF-3B43-4925-B6A4-F7AE3D17159D}.Release|Any CPU.Build.0 = Release|Any CPU
		{02D45033-0F7B-45A3-8D06-1422B683EB1D}.Debug|Any CPU.ActiveCfg = Debug|Any CPU
		{02D45033-0F7B-45A3-8D06-1422B683EB1D}.Debug|Any CPU.Build.0 = Debug|Any CPU
		{02D45033-0F7B-45A3-8D06-1422B683EB1D}.Release|Any CPU.ActiveCfg = Release|Any CPU
		{02D45033-0F7B-45A3-8D06-1422B683EB1D}.Release|Any CPU.Build.0 = Release|Any CPU
		{FD4DAE23-704B-456F-A377-02D20D9DC6D4}.Debug|Any CPU.ActiveCfg = Debug|Any CPU
		{FD4DAE23-704B-456F-A377-02D20D9DC6D4}.Debug|Any CPU.Build.0 = Debug|Any CPU
		{FD4DAE23-704B-456F-A377-02D20D9DC6D4}.Release|Any CPU.ActiveCfg = Release|Any CPU
		{FD4DAE23-704B-456F-A377-02D20D9DC6D4}.Release|Any CPU.Build.0 = Release|Any CPU
	EndGlobalSection
	GlobalSection(SolutionProperties) = preSolution
		HideSolutionNode = FALSE
	EndGlobalSection
EndGlobal
